
Microsoft Visual Studio Solution File, Format Version 11.00
# Visual Studio 2010
Project("{8BC9CEB8-8B4A-11D0-8D11-00A0C91BC942}") = "t2", "t2.vcxproj", "{7396BED3-3C9C-480E-A165-2AD71C5E0512}"
EndProject
Global
	GlobalSection(SolutionConfigurationPlatforms) = preSolution
		Debug|Win32 = Debug|Win32
		Release|Win32 = Release|Win32
	EndGlobalSection
	GlobalSection(ProjectConfigurationPlatforms) = postSolution
		{7396BED3-3C9C-480E-A165-2AD71C5E0512}.Debug|Win32.ActiveCfg = Debug|Win32
		{7396BED3-3C9C-480E-A165-2AD71C5E0512}.Debug|Win32.Build.0 = Debug|Win32
		{7396BED3-3C9C-480E-A165-2AD71C5E0512}.Release|Win32.ActiveCfg = Release|Win32
		{7396BED3-3C9C-480E-A165-2AD71C5E0512}.Release|Win32.Build.0 = Release|Win32
	EndGlobalSection
	GlobalSection(SolutionProperties) = preSolution
		HideSolutionNode = FALSE
	EndGlobalSection
EndGlobal
